
Microsoft Visual Studio Solution File, Format Version 12.00
# Visual Studio Version 17
VisualStudioVersion = 17.1.32421.90
MinimumVisualStudioVersion = 10.0.40219.1
Project("{FAE04EC0-301F-11D3-BF4B-00C04F79EFBC}") = "StrangeServerCSharp", "StrangeServerCSharp\StrangeServerCSharp.csproj", "{A1019114-B916-44B4-8928-D998AC3B888C}"
EndProject
Global
	GlobalSection(SolutionConfigurationPlatforms) = preSolution
		Debug|Any CPU = Debug|Any CPU
		Release|Any CPU = Release|Any CPU
	EndGlobalSection
	GlobalSection(ProjectConfigurationPlatforms) = postSolution
		{A1019114-B916-44B4-8928-D998AC3B888C}.Debug|Any CPU.ActiveCfg = Debug|Any CPU
		{A1019114-B916-44B4-8928-D998AC3B888C}.Debug|Any CPU.Build.0 = Debug|Any CPU
		{A1019114-B916-44B4-8928-D998AC3B888C}.Release|Any CPU.ActiveCfg = Release|Any CPU
		{A1019114-B916-44B4-8928-D998AC3B888C}.Release|Any CPU.Build.0 = Release|Any CPU
	EndGlobalSection
	GlobalSection(SolutionProperties) = preSolution
		HideSolutionNode = FALSE
	EndGlobalSection
	GlobalSection(ExtensibilityGlobals) = postSolution
		SolutionGuid = {5A035516-25EB-4527-9A81-1A9DFDDE311C}
	EndGlobalSection
EndGlobal
